
Microsoft Visual Studio Solution File, Format Version 12.00
# Visual Studio Version 17
VisualStudioVersion = 17.5.33627.172
MinimumVisualStudioVersion = 10.0.40219.1
Project("{FAE04EC0-301F-11D3-BF4B-00C04F79EFBC}") = "ConsoleApp1", "ConsoleApp1\ConsoleApp1.csproj", "{DBF182AB-6DB9-4986-ACB9-91DF128A2125}"
EndProject
Global
	GlobalSection(SolutionConfigurationPlatforms) = preSolution
		Debug|Any CPU = Debug|Any CPU
		Release|Any CPU = Release|Any CPU
	EndGlobalSection
	GlobalSection(ProjectConfigurationPlatforms) = postSolution
		{DBF182AB-6DB9-4986-ACB9-91DF128A2125}.Debug|Any CPU.ActiveCfg = Debug|Any CPU
		{DBF182AB-6DB9-4986-ACB9-91DF128A2125}.Debug|Any CPU.Build.0 = Debug|Any CPU
		{DBF182AB-6DB9-4986-ACB9-91DF128A2125}.Release|Any CPU.ActiveCfg = Release|Any CPU
		{DBF182AB-6DB9-4986-ACB9-91DF128A2125}.Release|Any CPU.Build.0 = Release|Any CPU
	EndGlobalSection
	GlobalSection(SolutionProperties) = preSolution
		HideSolutionNode = FALSE
	EndGlobalSection
	GlobalSection(ExtensibilityGlobals) = postSolution
		SolutionGuid = {9655ABD9-F79F-4F01-9475-19B7355389B4}
	EndGlobalSection
EndGlobal
